
Microsoft Visual Studio Solution File, Format Version 11.00
# Visual Studio 2010
Project("{FAE04EC0-301F-11D3-BF4B-00C04F79EFBC}") = "BiosWebMail", "BiosWebMail\BiosWebMail.csproj", "{506F497B-6775-4F3E-B59A-2BEDB6BC8849}"
	ProjectSection(ProjectDependencies) = postProject
		{7845380F-D796-451E-AB38-49B35C1247BF} = {7845380F-D796-451E-AB38-49B35C1247BF}
	EndProjectSection
EndProject
Project("{FAE04EC0-301F-11D3-BF4B-00C04F79EFBC}") = "Logica", "Logica\Logica.csproj", "{3D182DE6-CA16-471B-A67F-FDBDA736361F}"
EndProject
Project("{FAE04EC0-301F-11D3-BF4B-00C04F79EFBC}") = "Persistencia", "Persistencia\Persistencia.csproj", "{9B095355-CD5E-4879-A00C-6C382DB13524}"
EndProject
Project("{FAE04EC0-301F-11D3-BF4B-00C04F79EFBC}") = "Entidades", "Entidades\Entidades.csproj", "{5206827F-CEB2-4DD4-A434-8186923BB3D0}"
EndProject
Project("{FAE04EC0-301F-11D3-BF4B-00C04F79EFBC}") = "ExcepcionesPersonalizadas", "ExcepcionesPersonalizadas\ExcepcionesPersonalizadas.csproj", "{7FE23584-B3B3-48B9-911C-0DE0AE696C1E}"
EndProject
Project("{FAE04EC0-301F-11D3-BF4B-00C04F79EFBC}") = "Controles", "Controles\Controles.csproj", "{6EEEC05F-5EBA-4E83-8B5A-83A334CD4886}"
EndProject
Project("{FAE04EC0-301F-11D3-BF4B-00C04F79EFBC}") = "WebMailWS", "WebMailWS\WebMailWS.csproj", "{7845380F-D796-451E-AB38-49B35C1247BF}"
EndProject
Project("{FAE04EC0-301F-11D3-BF4B-00C04F79EFBC}") = "BiosWebMailWindows", "BiosWebMailWindows\BiosWebMailWindows.csproj", "{536C3E4C-D9F6-4D30-8108-365C9E94CAF5}"
EndProject
Global
	GlobalSection(SolutionConfigurationPlatforms) = preSolution
		Debug|Any CPU = Debug|Any CPU
		Debug|Mixed Platforms = Debug|Mixed Platforms
		Debug|x86 = Debug|x86
		Release|Any CPU = Release|Any CPU
		Release|Mixed Platforms = Release|Mixed Platforms
		Release|x86 = Release|x86
	EndGlobalSection
	GlobalSection(ProjectConfigurationPlatforms) = postSolution
		{506F497B-6775-4F3E-B59A-2BEDB6BC8849}.Debug|Any CPU.ActiveCfg = Debug|Any CPU
		{506F497B-6775-4F3E-B59A-2BEDB6BC8849}.Debug|Any CPU.Build.0 = Debug|Any CPU
		{506F497B-6775-4F3E-B59A-2BEDB6BC8849}.Debug|Mixed Platforms.ActiveCfg = Debug|Any CPU
		{506F497B-6775-4F3E-B59A-2BEDB6BC8849}.Debug|Mixed Platforms.Build.0 = Debug|Any CPU
		{506F497B-6775-4F3E-B59A-2BEDB6BC8849}.Debug|x86.ActiveCfg = Debug|Any CPU
		{506F497B-6775-4F3E-B59A-2BEDB6BC8849}.Release|Any CPU.ActiveCfg = Release|Any CPU
		{506F497B-6775-4F3E-B59A-2BEDB6BC8849}.Release|Any CPU.Build.0 = Release|Any CPU
		{506F497B-6775-4F3E-B59A-2BEDB6BC8849}.Release|Mixed Platforms.ActiveCfg = Release|Any CPU
		{506F497B-6775-4F3E-B59A-2BEDB6BC8849}.Release|Mixed Platforms.Build.0 = Release|Any CPU
		{506F497B-6775-4F3E-B59A-2BEDB6BC8849}.Release|x86.ActiveCfg = Release|Any CPU
		{3D182DE6-CA16-471B-A67F-FDBDA736361F}.Debug|Any CPU.ActiveCfg = Debug|Any CPU
		{3D182DE6-CA16-471B-A67F-FDBDA736361F}.Debug|Any CPU.Build.0 = Debug|Any CPU
		{3D182DE6-CA16-471B-A67F-FDBDA736361F}.Debug|Mixed Platforms.ActiveCfg = Debug|Any CPU
		{3D182DE6-CA16-471B-A67F-FDBDA736361F}.Debug|Mixed Platforms.Build.0 = Debug|Any CPU
		{3D182DE6-CA16-471B-A67F-FDBDA736361F}.Debug|x86.ActiveCfg = Debug|Any CPU
		{3D182DE6-CA16-471B-A67F-FDBDA736361F}.Release|Any CPU.ActiveCfg = Release|Any CPU
		{3D182DE6-CA16-471B-A67F-FDBDA736361F}.Release|Any CPU.Build.0 = Release|Any CPU
		{3D182DE6-CA16-471B-A67F-FDBDA736361F}.Release|Mixed Platforms.ActiveCfg = Release|Any CPU
		{3D182DE6-CA16-471B-A67F-FDBDA736361F}.Release|Mixed Platforms.Build.0 = Release|Any CPU
		{3D182DE6-CA16-471B-A67F-FDBDA736361F}.Release|x86.ActiveCfg = Release|Any CPU
		{9B095355-CD5E-4879-A00C-6C382DB13524}.Debug|Any CPU.ActiveCfg = Debug|Any CPU
		{9B095355-CD5E-4879-A00C-6C382DB13524}.Debug|Any CPU.Build.0 = Debug|Any CPU
		{9B095355-CD5E-4879-A00C-6C382DB13524}.Debug|Mixed Platforms.ActiveCfg = Debug|Any CPU
		{9B095355-CD5E-4879-A00C-6C382DB13524}.Debug|Mixed Platforms.Build.0 = Debug|Any CPU
		{9B095355-CD5E-4879-A00C-6C382DB13524}.Debug|x86.ActiveCfg = Debug|Any CPU
		{9B095355-CD5E-4879-A00C-6C382DB13524}.Release|Any CPU.ActiveCfg = Release|Any CPU
		{9B095355-CD5E-4879-A00C-6C382DB13524}.Release|Any CPU.Build.0 = Release|Any CPU
		{9B095355-CD5E-4879-A00C-6C382DB13524}.Release|Mixed Platforms.ActiveCfg = Release|Any CPU
		{9B095355-CD5E-4879-A00C-6C382DB13524}.Release|Mixed Platforms.Build.0 = Release|Any CPU
		{9B095355-CD5E-4879-A00C-6C382DB13524}.Release|x86.ActiveCfg = Release|Any CPU
		{5206827F-CEB2-4DD4-A434-8186923BB3D0}.Debug|Any CPU.ActiveCfg = Debug|Any CPU
		{5206827F-CEB2-4DD4-A434-8186923BB3D0}.Debug|Any CPU.Build.0 = Debug|Any CPU
		{5206827F-CEB2-4DD4-A434-8186923BB3D0}.Debug|Mixed Platforms.ActiveCfg = Debug|Any CPU
		{5206827F-CEB2-4DD4-A434-8186923BB3D0}.Debug|Mixed Platforms.Build.0 = Debug|Any CPU
		{5206827F-CEB2-4DD4-A434-8186923BB3D0}.Debug|x86.ActiveCfg = Debug|Any CPU
		{5206827F-CEB2-4DD4-A434-8186923BB3D0}.Release|Any CPU.ActiveCfg = Release|Any CPU
		{5206827F-CEB2-4DD4-A434-8186923BB3D0}.Release|Any CPU.Build.0 = Release|Any CPU
		{5206827F-CEB2-4DD4-A434-8186923BB3D0}.Release|Mixed Platforms.ActiveCfg = Release|Any CPU
		{5206827F-CEB2-4DD4-A434-8186923BB3D0}.Release|Mixed Platforms.Build.0 = Release|Any CPU
		{5206827F-CEB2-4DD4-A434-8186923BB3D0}.Release|x86.ActiveCfg = Release|Any CPU
		{7FE23584-B3B3-48B9-911C-0DE0AE696C1E}.Debug|Any CPU.ActiveCfg = Debug|Any CPU
		{7FE23584-B3B3-48B9-911C-0DE0AE696C1E}.Debug|Any CPU.Build.0 = Debug|Any CPU
		{7FE23584-B3B3-48B9-911C-0DE0AE696C1E}.Debug|Mixed Platforms.ActiveCfg = Debug|Any CPU
		{7FE23584-B3B3-48B9-911C-0DE0AE696C1E}.Debug|Mixed Platforms.Build.0 = Debug|Any CPU
		{7FE23584-B3B3-48B9-911C-0DE0AE696C1E}.Debug|x86.ActiveCfg = Debug|Any CPU
		{7FE23584-B3B3-48B9-911C-0DE0AE696C1E}.Release|Any CPU.ActiveCfg = Release|Any CPU
		{7FE23584-B3B3-48B9-911C-0DE0AE696C1E}.Release|Any CPU.Build.0 = Release|Any CPU
		{7FE23584-B3B3-48B9-911C-0DE0AE696C1E}.Release|Mixed Platforms.ActiveCfg = Release|Any CPU
		{7FE23584-B3B3-48B9-911C-0DE0AE696C1E}.Release|Mixed Platforms.Build.0 = Release|Any CPU
		{7FE23584-B3B3-48B9-911C-0DE0AE696C1E}.Release|x86.ActiveCfg = Release|Any CPU
		{6EEEC05F-5EBA-4E83-8B5A-83A334CD4886}.Debug|Any CPU.ActiveCfg = Debug|Any CPU
		{6EEEC05F-5EBA-4E83-8B5A-83A334CD4886}.Debug|Any CPU.Build.0 = Debug|Any CPU
		{6EEEC05F-5EBA-4E83-8B5A-83A334CD4886}.Debug|Mixed Platforms.ActiveCfg = Debug|Any CPU
		{6EEEC05F-5EBA-4E83-8B5A-83A334CD4886}.Debug|Mixed Platforms.Build.0 = Debug|Any CPU
		{6EEEC05F-5EBA-4E83-8B5A-83A334CD4886}.Debug|x86.ActiveCfg = Debug|Any CPU
		{6EEEC05F-5EBA-4E83-8B5A-83A334CD4886}.Release|Any CPU.ActiveCfg = Release|Any CPU
		{6EEEC05F-5EBA-4E83-8B5A-83A334CD4886}.Release|Any CPU.Build.0 = Release|Any CPU
		{6EEEC05F-5EBA-4E83-8B5A-83A334CD4886}.Release|Mixed Platforms.ActiveCfg = Release|Any CPU
		{6EEEC05F-5EBA-4E83-8B5A-83A334CD4886}.Release|Mixed Platforms.Build.0 = Release|Any CPU
		{6EEEC05F-5EBA-4E83-8B5A-83A334CD4886}.Release|x86.ActiveCfg = Release|Any CPU
		{7845380F-D796-451E-AB38-49B35C1247BF}.Debug|Any CPU.ActiveCfg = Debug|Any CPU
		{7845380F-D796-451E-AB38-49B35C1247BF}.Debug|Any CPU.Build.0 = Debug|Any CPU
		{7845380F-D796-451E-AB38-49B35C1247BF}.Debug|Mixed Platforms.ActiveCfg = Debug|Any CPU
		{7845380F-D796-451E-AB38-49B35C1247BF}.Debug|Mixed Platforms.Build.0 = Debug|Any CPU
		{7845380F-D796-451E-AB38-49B35C1247BF}.Debug|x86.ActiveCfg = Debug|Any CPU
		{7845380F-D796-451E-AB38-49B35C1247BF}.Release|Any CPU.ActiveCfg = Release|Any CPU
		{7845380F-D796-451E-AB38-49B35C1247BF}.Release|Any CPU.Build.0 = Release|Any CPU
		{7845380F-D796-451E-AB38-49B35C1247BF}.Release|Mixed Platforms.ActiveCfg = Release|Any CPU
		{7845380F-D796-451E-AB38-49B35C1247BF}.Release|Mixed Platforms.Build.0 = Release|Any CPU
		{7845380F-D796-451E-AB38-49B35C1247BF}.Release|x86.ActiveCfg = Release|Any CPU
		{536C3E4C-D9F6-4D30-8108-365C9E94CAF5}.Debug|Any CPU.ActiveCfg = Debug|x86
		{536C3E4C-D9F6-4D30-8108-365C9E94CAF5}.Debug|Mixed Platforms.ActiveCfg = Debug|x86
		{536C3E4C-D9F6-4D30-8108-365C9E94CAF5}.Debug|Mixed Platforms.Build.0 = Debug|x86
		{536C3E4C-D9F6-4D30-8108-365C9E94CAF5}.Debug|x86.ActiveCfg = Debug|x86
		{536C3E4C-D9F6-4D30-8108-365C9E94CAF5}.Debug|x86.Build.0 = Debug|x86
		{536C3E4C-D9F6-4D30-8108-365C9E94CAF5}.Release|Any CPU.ActiveCfg = Release|x86
		{536C3E4C-D9F6-4D30-8108-365C9E94CAF5}.Release|Mixed Platforms.ActiveCfg = Release|x86
		{536C3E4C-D9F6-4D30-8108-365C9E94CAF5}.Release|Mixed Platforms.Build.0 = Release|x86
		{536C3E4C-D9F6-4D30-8108-365C9E94CAF5}.Release|x86.ActiveCfg = Release|x86
		{536C3E4C-D9F6-4D30-8108-365C9E94CAF5}.Release|x86.Build.0 = Release|x86
	EndGlobalSection
	GlobalSection(SolutionProperties) = preSolution
		HideSolutionNode = FALSE
	EndGlobalSection
EndGlobal
